
Microsoft Visual Studio Solution File, Format Version 12.00
# Visual Studio Version 16
VisualStudioVersion = 16.0.29806.167
MinimumVisualStudioVersion = 10.0.40219.1
Project("{FAE04EC0-301F-11D3-BF4B-00C04F79EFBC}") = "OnlineClearanceCore", "OnlineClearanceCore\OnlineClearanceCore.csproj", "{013E24F7-A96E-4971-A022-F002FC8A6A87}"
EndProject
Project("{FAE04EC0-301F-11D3-BF4B-00C04F79EFBC}") = "OnlineClearanceWeb", "OnlineClearanceWeb\OnlineClearanceWeb.csproj", "{843D8677-2FDC-4BAB-99EF-8DFA1B1ED803}"
EndProject
Global
	GlobalSection(SolutionConfigurationPlatforms) = preSolution
		Debug|Any CPU = Debug|Any CPU
		Release|Any CPU = Release|Any CPU
	EndGlobalSection
	GlobalSection(ProjectConfigurationPlatforms) = postSolution
		{013E24F7-A96E-4971-A022-F002FC8A6A87}.Debug|Any CPU.ActiveCfg = Debug|Any CPU
		{013E24F7-A96E-4971-A022-F002FC8A6A87}.Debug|Any CPU.Build.0 = Debug|Any CPU
		{013E24F7-A96E-4971-A022-F002FC8A6A87}.Release|Any CPU.ActiveCfg = Release|Any CPU
		{013E24F7-A96E-4971-A022-F002FC8A6A87}.Release|Any CPU.Build.0 = Release|Any CPU
		{843D8677-2FDC-4BAB-99EF-8DFA1B1ED803}.Debug|Any CPU.ActiveCfg = Debug|Any CPU
		{843D8677-2FDC-4BAB-99EF-8DFA1B1ED803}.Debug|Any CPU.Build.0 = Debug|Any CPU
		{843D8677-2FDC-4BAB-99EF-8DFA1B1ED803}.Release|Any CPU.ActiveCfg = Release|Any CPU
		{843D8677-2FDC-4BAB-99EF-8DFA1B1ED803}.Release|Any CPU.Build.0 = Release|Any CPU
	EndGlobalSection
	GlobalSection(SolutionProperties) = preSolution
		HideSolutionNode = FALSE
	EndGlobalSection
	GlobalSection(ExtensibilityGlobals) = postSolution
		SolutionGuid = {CE3FCA7E-F02B-436E-BFE0-0E8DBE576F1A}
	EndGlobalSection
EndGlobal
